{
  "name": "test",
  "version": "1.0.0",
  "lockfileVersion": 1,
  "requires": true,
  "dependencies": {
    "fire-webrtc": {
      "version": "0.0.1",
      "resolved": "https://registry.npmjs.org/fire-webrtc/-/fire-webrtc-0.0.1.tgz",
      "integrity": "sha512-EUYwJcg9hywzGghgt59ZL+g2gALt6h6kQeg3EAd2QJQ+xMkBlRmbjmfoM/AICPTA/RNWqBKs3ic11hqdPW764g=="
    }
  }
}
