{
  "name": "fire-webrtc",
  "version": "0.0.2",
  "lockfileVersion": 1,
  "requires": true,
  "dependencies": {
    "@angular/core": {
      "version": "8.2.2",
      "resolved": "https://registry.npmjs.org/@angular/core/-/core-8.2.2.tgz",
      "integrity": "sha512-glQLJ3aeRWHMsN9QeJYis5FVdCg0lBU2s9aFX9i6WvVLscYmGoBk+TKsgO+uJjLnUUgsCPLRLzde02IJEQzCGw==",
      "requires": {
        "tslib": "^1.9.0"
      }
    },
    "@stencil/core": {
      "version": "1.0.7",
      "resolved": "https://registry.npmjs.org/@stencil/core/-/core-1.0.7.tgz",
      "integrity": "sha512-RzH5CZuYSrk1gXZeWvh9gEIe93MAQficxnptAV/CX3SNtQNVHTFAuroj5d/XVhgR/TUwCD3FUJVvtNQIDgEt0w==",
      "dev": true,
      "requires": {
        "typescript": "3.5.2"
      }
    },
    "@stencil/sass": {
      "version": "1.0.1",
      "resolved": "https://registry.npmjs.org/@stencil/sass/-/sass-1.0.1.tgz",
      "integrity": "sha512-3vmF8zir9FcVY/tYW0/V/pWrYSU684eASmALL2v29PGJvX6/CXh9n8LF7Jy95SpJPij3lisIUXLls7edXy2hYg==",
      "dev": true
    },
    "tslib": {
      "version": "1.10.0",
      "resolved": "https://registry.npmjs.org/tslib/-/tslib-1.10.0.tgz",
      "integrity": "sha512-qOebF53frne81cf0S9B41ByenJ3/IuH8yJKngAX35CmiZySA0khhkovshKK+jGCaMnVomla7gVlIcc3EvKPbTQ=="
    },
    "typescript": {
      "version": "3.5.2",
      "resolved": "https://registry.npmjs.org/typescript/-/typescript-3.5.2.tgz",
      "integrity": "sha512-7KxJovlYhTX5RaRbUdkAXN1KUZ8PwWlTzQdHV6xNqvuFOs7+WBo10TQUqT19Q/Jz2hk5v9TQDIhyLhhJY4p5AA==",
      "dev": true
    }
  }
}
